
Microsoft Visual Studio Solution File, Format Version 12.00
# Visual Studio 15
VisualStudioVersion = 15.0.28307.645
MinimumVisualStudioVersion = 10.0.40219.1
Project("{9A19103F-16F7-4668-BE54-9A1E7A4F7556}") = "BlogWebSiteAPI", "BlogWebSiteAPI\BlogWebSiteAPI.csproj", "{FEC7A2F1-8587-4C1F-94FD-22EEA0B816A1}"
EndProject
Project("{FAE04EC0-301F-11D3-BF4B-00C04F79EFBC}") = "BlogWebSiteAPIxUnit.Test", "BlogWebSiteAPIxUnit.Test\BlogWebSiteAPIxUnit.Test.csproj", "{DDB89972-9779-4859-B4DD-94D93426CB67}"
EndProject
Project("{9A19103F-16F7-4668-BE54-9A1E7A4F7556}") = "BlogWebSite", "BlogWebSite\BlogWebSite.csproj", "{8B0CAC44-58BC-474C-A508-12B6D260CD6E}"
EndProject
Global
	GlobalSection(SolutionConfigurationPlatforms) = preSolution
		Debug|Any CPU = Debug|Any CPU
		Release|Any CPU = Release|Any CPU
	EndGlobalSection
	GlobalSection(ProjectConfigurationPlatforms) = postSolution
		{FEC7A2F1-8587-4C1F-94FD-22EEA0B816A1}.Debug|Any CPU.ActiveCfg = Debug|Any CPU
		{FEC7A2F1-8587-4C1F-94FD-22EEA0B816A1}.Debug|Any CPU.Build.0 = Debug|Any CPU
		{FEC7A2F1-8587-4C1F-94FD-22EEA0B816A1}.Release|Any CPU.ActiveCfg = Release|Any CPU
		{FEC7A2F1-8587-4C1F-94FD-22EEA0B816A1}.Release|Any CPU.Build.0 = Release|Any CPU
		{DDB89972-9779-4859-B4DD-94D93426CB67}.Debug|Any CPU.ActiveCfg = Debug|Any CPU
		{DDB89972-9779-4859-B4DD-94D93426CB67}.Debug|Any CPU.Build.0 = Debug|Any CPU
		{DDB89972-9779-4859-B4DD-94D93426CB67}.Release|Any CPU.ActiveCfg = Release|Any CPU
		{DDB89972-9779-4859-B4DD-94D93426CB67}.Release|Any CPU.Build.0 = Release|Any CPU
		{8B0CAC44-58BC-474C-A508-12B6D260CD6E}.Debug|Any CPU.ActiveCfg = Debug|Any CPU
		{8B0CAC44-58BC-474C-A508-12B6D260CD6E}.Debug|Any CPU.Build.0 = Debug|Any CPU
		{8B0CAC44-58BC-474C-A508-12B6D260CD6E}.Release|Any CPU.ActiveCfg = Release|Any CPU
		{8B0CAC44-58BC-474C-A508-12B6D260CD6E}.Release|Any CPU.Build.0 = Release|Any CPU
	EndGlobalSection
	GlobalSection(SolutionProperties) = preSolution
		HideSolutionNode = FALSE
	EndGlobalSection
	GlobalSection(ExtensibilityGlobals) = postSolution
		SolutionGuid = {C964269E-4B1C-4CE4-8003-A08DAB259C2D}
	EndGlobalSection
EndGlobal
